
Microsoft Visual Studio Solution File, Format Version 12.00
# Visual Studio Version 17
VisualStudioVersion = 17.5.33502.453
MinimumVisualStudioVersion = 10.0.40219.1
Project("{FAE04EC0-301F-11D3-BF4B-00C04F79EFBC}") = "HttpClientFinalExam", "HttpClientFinalExam.csproj", "{96EA54C6-1345-4FEC-8A88-F9282CFC19BB}"
EndProject
Project("{FAE04EC0-301F-11D3-BF4B-00C04F79EFBC}") = "RestSharpFinalExam", "..\RestSharpFinalExam\RestSharpFinalExam.csproj", "{440A3D11-73A2-44FC-AB6C-75106ABE791E}"
EndProject
Project("{FAE04EC0-301F-11D3-BF4B-00C04F79EFBC}") = "SOAPFinalExam", "..\SOAPFinalExam\SOAPFinalExam.csproj", "{29DD8800-0B1A-4602-AB91-766D7171839E}"
EndProject
Global
	GlobalSection(SolutionConfigurationPlatforms) = preSolution
		Debug|Any CPU = Debug|Any CPU
		Release|Any CPU = Release|Any CPU
	EndGlobalSection
	GlobalSection(ProjectConfigurationPlatforms) = postSolution
		{96EA54C6-1345-4FEC-8A88-F9282CFC19BB}.Debug|Any CPU.ActiveCfg = Debug|Any CPU
		{96EA54C6-1345-4FEC-8A88-F9282CFC19BB}.Debug|Any CPU.Build.0 = Debug|Any CPU
		{96EA54C6-1345-4FEC-8A88-F9282CFC19BB}.Release|Any CPU.ActiveCfg = Release|Any CPU
		{96EA54C6-1345-4FEC-8A88-F9282CFC19BB}.Release|Any CPU.Build.0 = Release|Any CPU
		{440A3D11-73A2-44FC-AB6C-75106ABE791E}.Debug|Any CPU.ActiveCfg = Debug|Any CPU
		{440A3D11-73A2-44FC-AB6C-75106ABE791E}.Debug|Any CPU.Build.0 = Debug|Any CPU
		{440A3D11-73A2-44FC-AB6C-75106ABE791E}.Release|Any CPU.ActiveCfg = Release|Any CPU
		{440A3D11-73A2-44FC-AB6C-75106ABE791E}.Release|Any CPU.Build.0 = Release|Any CPU
		{29DD8800-0B1A-4602-AB91-766D7171839E}.Debug|Any CPU.ActiveCfg = Debug|Any CPU
		{29DD8800-0B1A-4602-AB91-766D7171839E}.Debug|Any CPU.Build.0 = Debug|Any CPU
		{29DD8800-0B1A-4602-AB91-766D7171839E}.Release|Any CPU.ActiveCfg = Release|Any CPU
		{29DD8800-0B1A-4602-AB91-766D7171839E}.Release|Any CPU.Build.0 = Release|Any CPU
	EndGlobalSection
	GlobalSection(SolutionProperties) = preSolution
		HideSolutionNode = FALSE
	EndGlobalSection
	GlobalSection(ExtensibilityGlobals) = postSolution
		SolutionGuid = {DD523D35-6D90-484F-A31A-E13AA2815CFB}
	EndGlobalSection
EndGlobal
